
Microsoft Visual Studio Solution File, Format Version 12.00
# Visual Studio 15
VisualStudioVersion = 15.0.27130.2003
MinimumVisualStudioVersion = 10.0.40219.1
Project("{FAE04EC0-301F-11D3-BF4B-00C04F79EFBC}") = "Xam.Behaviors", "Xam.Behaviors\Xam.Behaviors.csproj", "{9E788B61-FC88-4A81-B08E-57632D5BBED4}"
EndProject
Global
	GlobalSection(SolutionConfigurationPlatforms) = preSolution
		Debug|Any CPU = Debug|Any CPU
		Release|Any CPU = Release|Any CPU
	EndGlobalSection
	GlobalSection(ProjectConfigurationPlatforms) = postSolution
		{9E788B61-FC88-4A81-B08E-57632D5BBED4}.Debug|Any CPU.ActiveCfg = Debug|Any CPU
		{9E788B61-FC88-4A81-B08E-57632D5BBED4}.Debug|Any CPU.Build.0 = Debug|Any CPU
		{9E788B61-FC88-4A81-B08E-57632D5BBED4}.Release|Any CPU.ActiveCfg = Release|Any CPU
		{9E788B61-FC88-4A81-B08E-57632D5BBED4}.Release|Any CPU.Build.0 = Release|Any CPU
	EndGlobalSection
	GlobalSection(SolutionProperties) = preSolution
		HideSolutionNode = FALSE
	EndGlobalSection
	GlobalSection(ExtensibilityGlobals) = postSolution
		SolutionGuid = {0B3FA8E3-821D-4956-8633-75243303FB36}
	EndGlobalSection
EndGlobal
